
Microsoft Visual Studio Solution File, Format Version 12.00
# Visual Studio Version 16
VisualStudioVersion = 16.0.30503.244
MinimumVisualStudioVersion = 10.0.40219.1
Project("{9A19103F-16F7-4668-BE54-9A1E7A4F7556}") = "Exercice1", "Exercice1\Exercice1.csproj", "{175489B7-C2BA-4AE7-A074-209C1EB14E2D}"
EndProject
Project("{9A19103F-16F7-4668-BE54-9A1E7A4F7556}") = "Exercice2", "Exercice2\Exercice2.csproj", "{3A876304-6BFA-4FC1-AC1C-66AFD030A509}"
EndProject
Project("{9A19103F-16F7-4668-BE54-9A1E7A4F7556}") = "Exercice3", "Exercice3\Exercice3.csproj", "{516FCB62-7F54-4FC0-B44D-7BB8EAEF20A8}"
EndProject
Project("{FAE04EC0-301F-11D3-BF4B-00C04F79EFBC}") = "Exercice4", "Exercice4\Exercice4.csproj", "{E446173F-26A8-408E-99D6-6E1910F0606F}"
EndProject
Project("{FAE04EC0-301F-11D3-BF4B-00C04F79EFBC}") = "Exercice5", "Exercice5\Exercice5.csproj", "{74E20D61-77A6-4475-96D6-A7441FBF86D3}"
EndProject
Global
	GlobalSection(SolutionConfigurationPlatforms) = preSolution
		Debug|Any CPU = Debug|Any CPU
		Release|Any CPU = Release|Any CPU
	EndGlobalSection
	GlobalSection(ProjectConfigurationPlatforms) = postSolution
		{175489B7-C2BA-4AE7-A074-209C1EB14E2D}.Debug|Any CPU.ActiveCfg = Debug|Any CPU
		{175489B7-C2BA-4AE7-A074-209C1EB14E2D}.Debug|Any CPU.Build.0 = Debug|Any CPU
		{175489B7-C2BA-4AE7-A074-209C1EB14E2D}.Release|Any CPU.ActiveCfg = Release|Any CPU
		{175489B7-C2BA-4AE7-A074-209C1EB14E2D}.Release|Any CPU.Build.0 = Release|Any CPU
		{3A876304-6BFA-4FC1-AC1C-66AFD030A509}.Debug|Any CPU.ActiveCfg = Debug|Any CPU
		{3A876304-6BFA-4FC1-AC1C-66AFD030A509}.Debug|Any CPU.Build.0 = Debug|Any CPU
		{3A876304-6BFA-4FC1-AC1C-66AFD030A509}.Release|Any CPU.ActiveCfg = Release|Any CPU
		{3A876304-6BFA-4FC1-AC1C-66AFD030A509}.Release|Any CPU.Build.0 = Release|Any CPU
		{516FCB62-7F54-4FC0-B44D-7BB8EAEF20A8}.Debug|Any CPU.ActiveCfg = Debug|Any CPU
		{516FCB62-7F54-4FC0-B44D-7BB8EAEF20A8}.Debug|Any CPU.Build.0 = Debug|Any CPU
		{516FCB62-7F54-4FC0-B44D-7BB8EAEF20A8}.Release|Any CPU.ActiveCfg = Release|Any CPU
		{516FCB62-7F54-4FC0-B44D-7BB8EAEF20A8}.Release|Any CPU.Build.0 = Release|Any CPU
		{E446173F-26A8-408E-99D6-6E1910F0606F}.Debug|Any CPU.ActiveCfg = Debug|Any CPU
		{E446173F-26A8-408E-99D6-6E1910F0606F}.Debug|Any CPU.Build.0 = Debug|Any CPU
		{E446173F-26A8-408E-99D6-6E1910F0606F}.Release|Any CPU.ActiveCfg = Release|Any CPU
		{E446173F-26A8-408E-99D6-6E1910F0606F}.Release|Any CPU.Build.0 = Release|Any CPU
		{74E20D61-77A6-4475-96D6-A7441FBF86D3}.Debug|Any CPU.ActiveCfg = Debug|Any CPU
		{74E20D61-77A6-4475-96D6-A7441FBF86D3}.Debug|Any CPU.Build.0 = Debug|Any CPU
		{74E20D61-77A6-4475-96D6-A7441FBF86D3}.Release|Any CPU.ActiveCfg = Release|Any CPU
		{74E20D61-77A6-4475-96D6-A7441FBF86D3}.Release|Any CPU.Build.0 = Release|Any CPU
	EndGlobalSection
	GlobalSection(SolutionProperties) = preSolution
		HideSolutionNode = FALSE
	EndGlobalSection
	GlobalSection(ExtensibilityGlobals) = postSolution
		SolutionGuid = {A4517FEE-4E8A-4E9C-8203-B3ABB36794F5}
	EndGlobalSection
EndGlobal
